{
  "name": "cm2104-labs-2324-boydgibson",
  "lockfileVersion": 3,
  "requires": true,
  "packages": {
    "": {
      "dependencies": {
        "knock-knock-jokes": "^1.7.0"
      }
    },
    "node_modules/knock-knock-jokes": {
      "version": "1.7.0",
      "resolved": "https://registry.npmjs.org/knock-knock-jokes/-/knock-knock-jokes-1.7.0.tgz",
      "integrity": "sha512-qfC7Oi1QGr59sUtYMN85VceY91Ra78twCTst/SBM5dZEt8Cipjnz4QqsLwYSFWrPb1me2x3LtkAVaTP2ElaL+Q=="
    }
  }
}
